
Microsoft Visual Studio Solution File, Format Version 12.00
# Visual Studio Version 17
VisualStudioVersion = 17.14.36811.4 d17.14
MinimumVisualStudioVersion = 10.0.40219.1
Project("{FAE04EC0-301F-11D3-BF4B-00C04F79EFBC}") = "ffxiv_api", "ffxiv_api\ffxiv_api.csproj", "{6EDF3A7E-67D0-49B8-9FFB-B9B12007B7F0}"
EndProject
Global
	GlobalSection(SolutionConfigurationPlatforms) = preSolution
		Debug|Any CPU = Debug|Any CPU
		Release|Any CPU = Release|Any CPU
	EndGlobalSection
	GlobalSection(ProjectConfigurationPlatforms) = postSolution
		{6EDF3A7E-67D0-49B8-9FFB-B9B12007B7F0}.Debug|Any CPU.ActiveCfg = Debug|Any CPU
		{6EDF3A7E-67D0-49B8-9FFB-B9B12007B7F0}.Debug|Any CPU.Build.0 = Debug|Any CPU
		{6EDF3A7E-67D0-49B8-9FFB-B9B12007B7F0}.Release|Any CPU.ActiveCfg = Release|Any CPU
		{6EDF3A7E-67D0-49B8-9FFB-B9B12007B7F0}.Release|Any CPU.Build.0 = Release|Any CPU
	EndGlobalSection
	GlobalSection(SolutionProperties) = preSolution
		HideSolutionNode = FALSE
	EndGlobalSection
	GlobalSection(ExtensibilityGlobals) = postSolution
		SolutionGuid = {E6D07C82-41A8-4A41-8F7B-4F6148238A3C}
	EndGlobalSection
EndGlobal
